
Microsoft Visual Studio Solution File, Format Version 12.00
# Visual Studio Version 17
VisualStudioVersion = 17.7.34202.233
MinimumVisualStudioVersion = 10.0.40219.1
Project("{FAE04EC0-301F-11D3-BF4B-00C04F79EFBC}") = "MiniBase", "MiniBase\MiniBase.csproj", "{B9171BD4-998F-499D-B16D-862128205FA8}"
EndProject
Project("{FAE04EC0-301F-11D3-BF4B-00C04F79EFBC}") = "MoreRooms", "MoreRooms\MoreRooms.csproj", "{6F2B5CDC-2071-4D4F-9CBA-4CB99EF8D0F9}"
EndProject
Project("{FAE04EC0-301F-11D3-BF4B-00C04F79EFBC}") = "OmniFloraDecorativePlants", "OmniFloraDecorativePlants\OmniFloraDecorativePlants.csproj", "{35A3E8B5-854C-42AB-832F-B85D462B8B0B}"
EndProject
Project("{FAE04EC0-301F-11D3-BF4B-00C04F79EFBC}") = "RainbowFarts", "RainbowFarts\RainbowFarts.csproj", "{CA18409D-B3F2-4EBC-8D1F-D5B773594435}"
EndProject
Project("{FAE04EC0-301F-11D3-BF4B-00C04F79EFBC}") = "FriedLiceloaf", "FriedLiceloaf\FriedLiceloaf.csproj", "{44EB4433-12B4-4BD0-AFD9-7096041A4C1F}"
EndProject
Global
	GlobalSection(SolutionConfigurationPlatforms) = preSolution
		Debug|Any CPU = Debug|Any CPU
		Release|Any CPU = Release|Any CPU
	EndGlobalSection
	GlobalSection(ProjectConfigurationPlatforms) = postSolution
		{B9171BD4-998F-499D-B16D-862128205FA8}.Debug|Any CPU.ActiveCfg = Debug|Any CPU
		{B9171BD4-998F-499D-B16D-862128205FA8}.Debug|Any CPU.Build.0 = Debug|Any CPU
		{B9171BD4-998F-499D-B16D-862128205FA8}.Release|Any CPU.ActiveCfg = Release|Any CPU
		{B9171BD4-998F-499D-B16D-862128205FA8}.Release|Any CPU.Build.0 = Release|Any CPU
		{6F2B5CDC-2071-4D4F-9CBA-4CB99EF8D0F9}.Debug|Any CPU.ActiveCfg = Debug|Any CPU
		{6F2B5CDC-2071-4D4F-9CBA-4CB99EF8D0F9}.Debug|Any CPU.Build.0 = Debug|Any CPU
		{6F2B5CDC-2071-4D4F-9CBA-4CB99EF8D0F9}.Release|Any CPU.ActiveCfg = Release|Any CPU
		{6F2B5CDC-2071-4D4F-9CBA-4CB99EF8D0F9}.Release|Any CPU.Build.0 = Release|Any CPU
		{35A3E8B5-854C-42AB-832F-B85D462B8B0B}.Debug|Any CPU.ActiveCfg = Debug|Any CPU
		{35A3E8B5-854C-42AB-832F-B85D462B8B0B}.Debug|Any CPU.Build.0 = Debug|Any CPU
		{35A3E8B5-854C-42AB-832F-B85D462B8B0B}.Release|Any CPU.ActiveCfg = Release|Any CPU
		{35A3E8B5-854C-42AB-832F-B85D462B8B0B}.Release|Any CPU.Build.0 = Release|Any CPU
		{CA18409D-B3F2-4EBC-8D1F-D5B773594435}.Debug|Any CPU.ActiveCfg = Debug|Any CPU
		{CA18409D-B3F2-4EBC-8D1F-D5B773594435}.Debug|Any CPU.Build.0 = Debug|Any CPU
		{CA18409D-B3F2-4EBC-8D1F-D5B773594435}.Release|Any CPU.ActiveCfg = Release|Any CPU
		{CA18409D-B3F2-4EBC-8D1F-D5B773594435}.Release|Any CPU.Build.0 = Release|Any CPU
		{44EB4433-12B4-4BD0-AFD9-7096041A4C1F}.Debug|Any CPU.ActiveCfg = Debug|Any CPU
		{44EB4433-12B4-4BD0-AFD9-7096041A4C1F}.Debug|Any CPU.Build.0 = Debug|Any CPU
		{44EB4433-12B4-4BD0-AFD9-7096041A4C1F}.Release|Any CPU.ActiveCfg = Release|Any CPU
		{44EB4433-12B4-4BD0-AFD9-7096041A4C1F}.Release|Any CPU.Build.0 = Release|Any CPU
	EndGlobalSection
	GlobalSection(SolutionProperties) = preSolution
		HideSolutionNode = FALSE
	EndGlobalSection
	GlobalSection(ExtensibilityGlobals) = postSolution
		SolutionGuid = {F7B23AE7-CC64-4B50-8731-856CFBEA01BC}
	EndGlobalSection
EndGlobal
